
Microsoft Visual Studio Solution File, Format Version 12.00
# Visual Studio 15
VisualStudioVersion = 15.0.26730.10
MinimumVisualStudioVersion = 10.0.40219.1
Project("{FAE04EC0-301F-11D3-BF4B-00C04F79EFBC}") = "JaggedArray", "JaggedArray\JaggedArray.csproj", "{8CB70D49-2A19-4096-B760-E466F6AE457A}"
EndProject
Global
	GlobalSection(SolutionConfigurationPlatforms) = preSolution
		Debug|Any CPU = Debug|Any CPU
		Release|Any CPU = Release|Any CPU
	EndGlobalSection
	GlobalSection(ProjectConfigurationPlatforms) = postSolution
		{8CB70D49-2A19-4096-B760-E466F6AE457A}.Debug|Any CPU.ActiveCfg = Debug|Any CPU
		{8CB70D49-2A19-4096-B760-E466F6AE457A}.Debug|Any CPU.Build.0 = Debug|Any CPU
		{8CB70D49-2A19-4096-B760-E466F6AE457A}.Release|Any CPU.ActiveCfg = Release|Any CPU
		{8CB70D49-2A19-4096-B760-E466F6AE457A}.Release|Any CPU.Build.0 = Release|Any CPU
	EndGlobalSection
	GlobalSection(SolutionProperties) = preSolution
		HideSolutionNode = FALSE
	EndGlobalSection
	GlobalSection(ExtensibilityGlobals) = postSolution
		SolutionGuid = {EF9435EF-6E42-45AC-897F-9AB0F8B5EBA5}
	EndGlobalSection
EndGlobal
