
Microsoft Visual Studio Solution File, Format Version 12.00
# Visual Studio 15
VisualStudioVersion = 15.0.26730.10
MinimumVisualStudioVersion = 10.0.40219.1
Project("{FAE04EC0-301F-11D3-BF4B-00C04F79EFBC}") = "Intersect", "Intersect\Intersect.csproj", "{F762C592-7158-4588-B9AB-28364A977C90}"
EndProject
Global
	GlobalSection(SolutionConfigurationPlatforms) = preSolution
		Debug|Any CPU = Debug|Any CPU
		Release|Any CPU = Release|Any CPU
	EndGlobalSection
	GlobalSection(ProjectConfigurationPlatforms) = postSolution
		{F762C592-7158-4588-B9AB-28364A977C90}.Debug|Any CPU.ActiveCfg = Debug|Any CPU
		{F762C592-7158-4588-B9AB-28364A977C90}.Debug|Any CPU.Build.0 = Debug|Any CPU
		{F762C592-7158-4588-B9AB-28364A977C90}.Release|Any CPU.ActiveCfg = Release|Any CPU
		{F762C592-7158-4588-B9AB-28364A977C90}.Release|Any CPU.Build.0 = Release|Any CPU
	EndGlobalSection
	GlobalSection(SolutionProperties) = preSolution
		HideSolutionNode = FALSE
	EndGlobalSection
	GlobalSection(ExtensibilityGlobals) = postSolution
		SolutionGuid = {522BCA03-5FC6-454F-9E2F-DB2D5ED17C22}
	EndGlobalSection
EndGlobal
