
Microsoft Visual Studio Solution File, Format Version 12.00
# Visual Studio 15
VisualStudioVersion = 15.0.26730.12
MinimumVisualStudioVersion = 10.0.40219.1
Project("{FAE04EC0-301F-11D3-BF4B-00C04F79EFBC}") = "Generics 2", "Generics 2\Generics 2.csproj", "{24C4997B-C5F1-46CF-B8EB-556EDADBF38C}"
EndProject
Global
	GlobalSection(SolutionConfigurationPlatforms) = preSolution
		Debug|Any CPU = Debug|Any CPU
		Release|Any CPU = Release|Any CPU
	EndGlobalSection
	GlobalSection(ProjectConfigurationPlatforms) = postSolution
		{24C4997B-C5F1-46CF-B8EB-556EDADBF38C}.Debug|Any CPU.ActiveCfg = Debug|Any CPU
		{24C4997B-C5F1-46CF-B8EB-556EDADBF38C}.Debug|Any CPU.Build.0 = Debug|Any CPU
		{24C4997B-C5F1-46CF-B8EB-556EDADBF38C}.Release|Any CPU.ActiveCfg = Release|Any CPU
		{24C4997B-C5F1-46CF-B8EB-556EDADBF38C}.Release|Any CPU.Build.0 = Release|Any CPU
	EndGlobalSection
	GlobalSection(SolutionProperties) = preSolution
		HideSolutionNode = FALSE
	EndGlobalSection
	GlobalSection(ExtensibilityGlobals) = postSolution
		SolutionGuid = {6DFCA97F-BD09-4CCE-9532-B26A7967A3F4}
	EndGlobalSection
EndGlobal
