
Microsoft Visual Studio Solution File, Format Version 12.00
# Visual Studio 15
VisualStudioVersion = 15.0.26730.10
MinimumVisualStudioVersion = 10.0.40219.1
Project("{FAE04EC0-301F-11D3-BF4B-00C04F79EFBC}") = "EnumerateItems", "EnumerateItems\EnumerateItems.csproj", "{0B6AD399-3388-40EA-969F-974A8B8053C0}"
EndProject
Global
	GlobalSection(SolutionConfigurationPlatforms) = preSolution
		Debug|Any CPU = Debug|Any CPU
		Release|Any CPU = Release|Any CPU
	EndGlobalSection
	GlobalSection(ProjectConfigurationPlatforms) = postSolution
		{0B6AD399-3388-40EA-969F-974A8B8053C0}.Debug|Any CPU.ActiveCfg = Debug|Any CPU
		{0B6AD399-3388-40EA-969F-974A8B8053C0}.Debug|Any CPU.Build.0 = Debug|Any CPU
		{0B6AD399-3388-40EA-969F-974A8B8053C0}.Release|Any CPU.ActiveCfg = Release|Any CPU
		{0B6AD399-3388-40EA-969F-974A8B8053C0}.Release|Any CPU.Build.0 = Release|Any CPU
	EndGlobalSection
	GlobalSection(SolutionProperties) = preSolution
		HideSolutionNode = FALSE
	EndGlobalSection
	GlobalSection(ExtensibilityGlobals) = postSolution
		SolutionGuid = {7EEAA6F3-B64C-4001-A764-E53B764F5D75}
	EndGlobalSection
EndGlobal
